<?xml version="1.0" encoding="utf-8"?>
<Project ToolsVersion="4.0" xmlns="http://schemas.microsoft.com/developer/msbuild/2003">
  <ItemGroup>
    <Filter Include="Source Files">
      <UniqueIdentifier>{4FC737F1-C7A5-4376-A066-2A32D752A2FF}</UniqueIdentifier>
      <Extensions>cpp;c;cc;cxx;c++;cppm;ixx;def;odl;idl;hpj;bat;asm;asmx</Extensions>
    </Filter>
    <Filter Include="Header Files">
      <UniqueIdentifier>{93995380-89BD-4b04-88EB-625FBE52EBFB}</UniqueIdentifier>
      <Extensions>h;hh;hpp;hxx;h++;hm;inl;inc;ipp;xsd</Extensions>
    </Filter>
    <Filter Include="Resource Files">
      <UniqueIdentifier>{67DA6AB6-F800-4c08-8B7A-83BB121AAD01}</UniqueIdentifier>
      <Extensions>rc;ico;cur;bmp;dlg;rc2;rct;bin;rgs;gif;jpg;jpeg;jpe;resx;tiff;tif;png;wav;mfcribbon-ms</Extensions>
    </Filter>
  </ItemGroup>
  <ItemGroup>
    <ClCompile Include="DOCK.cpp">
      <Filter>Source Files</Filter>
    </ClCompile>
    <ClCompile Include="Renderer.cpp">
      <Filter>Source Files</Filter>
    </ClCompile>
    <ClCompile Include="Get_Time.cpp">
      <Filter>Source Files</Filter>
    </ClCompile>
    <ClCompile Include="Get_CPU_Utilization.cpp">
      <Filter>Source Files</Filter>
    </ClCompile>
    <ClCompile Include="Get_RAM_Usage.cpp">
      <Filter>Source Files</Filter>
    </ClCompile>
    <ClCompile Include="CursorSprite.cpp">
      <Filter>Source Files</Filter>
    </ClCompile>
    <ClCompile Include="File_Handler.cpp">
      <Filter>Source Files</Filter>
    </ClCompile>
    <ClCompile Include="FPS.cpp">
      <Filter>Source Files</Filter>
    </ClCompile>
    <ClCompile Include="Tile_Bar.cpp">
      <Filter>Source Files</Filter>
    </ClCompile>
  </ItemGroup>
  <ItemGroup>
    <ClInclude Include="Renderer.h">
      <Filter>Header Files</Filter>
    </ClInclude>
    <ClInclude Include="Get_Time.h">
      <Filter>Header Files</Filter>
    </ClInclude>
    <ClInclude Include="Get_CPU_Utilization.h">
      <Filter>Header Files</Filter>
    </ClInclude>
    <ClInclude Include="Get_RAM_Usage.h">
      <Filter>Header Files</Filter>
    </ClInclude>
    <ClInclude Include="CursorSprite.h">
      <Filter>Header Files</Filter>
    </ClInclude>
    <ClInclude Include="File_Handler.h">
      <Filter>Header Files</Filter>
    </ClInclude>
    <ClInclude Include="FPS.h">
      <Filter>Header Files</Filter>
    </ClInclude>
    <ClInclude Include="Tile_Bar.h">
      <Filter>Header Files</Filter>
    </ClInclude>
  </ItemGroup>
</Project>